
Microsoft Visual Studio Solution File, Format Version 12.00
# Visual Studio 15
VisualStudioVersion = 15.0.28307.757
MinimumVisualStudioVersion = 10.0.40219.1
Project("{FAE04EC0-301F-11D3-BF4B-00C04F79EFBC}") = "capaentidades", "capaentidades\capaentidades.csproj", "{AB80B5A7-1363-46A5-B902-30A8832F35E7}"
EndProject
Project("{FAE04EC0-301F-11D3-BF4B-00C04F79EFBC}") = "capadato", "capadato\capadato.csproj", "{010D6098-283D-433A-BFF6-8BF1B958EAE8}"
EndProject
Project("{FAE04EC0-301F-11D3-BF4B-00C04F79EFBC}") = "capanegocio", "capanegocio\capanegocio.csproj", "{E802CEAE-2DB8-45FC-9DAB-C59A1D260544}"
EndProject
Project("{FAE04EC0-301F-11D3-BF4B-00C04F79EFBC}") = "capapresentacionWF", "capapresentacionWF\capapresentacionWF.csproj", "{47629855-6A17-4684-AEEB-4F74556CBFD1}"
EndProject
Global
	GlobalSection(SolutionConfigurationPlatforms) = preSolution
		Debug|Any CPU = Debug|Any CPU
		Release|Any CPU = Release|Any CPU
	EndGlobalSection
	GlobalSection(ProjectConfigurationPlatforms) = postSolution
		{AB80B5A7-1363-46A5-B902-30A8832F35E7}.Debug|Any CPU.ActiveCfg = Debug|Any CPU
		{AB80B5A7-1363-46A5-B902-30A8832F35E7}.Debug|Any CPU.Build.0 = Debug|Any CPU
		{AB80B5A7-1363-46A5-B902-30A8832F35E7}.Release|Any CPU.ActiveCfg = Release|Any CPU
		{AB80B5A7-1363-46A5-B902-30A8832F35E7}.Release|Any CPU.Build.0 = Release|Any CPU
		{010D6098-283D-433A-BFF6-8BF1B958EAE8}.Debug|Any CPU.ActiveCfg = Debug|Any CPU
		{010D6098-283D-433A-BFF6-8BF1B958EAE8}.Debug|Any CPU.Build.0 = Debug|Any CPU
		{010D6098-283D-433A-BFF6-8BF1B958EAE8}.Release|Any CPU.ActiveCfg = Release|Any CPU
		{010D6098-283D-433A-BFF6-8BF1B958EAE8}.Release|Any CPU.Build.0 = Release|Any CPU
		{E802CEAE-2DB8-45FC-9DAB-C59A1D260544}.Debug|Any CPU.ActiveCfg = Debug|Any CPU
		{E802CEAE-2DB8-45FC-9DAB-C59A1D260544}.Debug|Any CPU.Build.0 = Debug|Any CPU
		{E802CEAE-2DB8-45FC-9DAB-C59A1D260544}.Release|Any CPU.ActiveCfg = Release|Any CPU
		{E802CEAE-2DB8-45FC-9DAB-C59A1D260544}.Release|Any CPU.Build.0 = Release|Any CPU
		{47629855-6A17-4684-AEEB-4F74556CBFD1}.Debug|Any CPU.ActiveCfg = Debug|Any CPU
		{47629855-6A17-4684-AEEB-4F74556CBFD1}.Debug|Any CPU.Build.0 = Debug|Any CPU
		{47629855-6A17-4684-AEEB-4F74556CBFD1}.Release|Any CPU.ActiveCfg = Release|Any CPU
		{47629855-6A17-4684-AEEB-4F74556CBFD1}.Release|Any CPU.Build.0 = Release|Any CPU
	EndGlobalSection
	GlobalSection(SolutionProperties) = preSolution
		HideSolutionNode = FALSE
	EndGlobalSection
	GlobalSection(ExtensibilityGlobals) = postSolution
		SolutionGuid = {BE431B8C-24D0-4A2A-9536-308E5165C9EB}
	EndGlobalSection
EndGlobal
